<?xml version="1.0" encoding="UTF-8" standalone="yes" ?>
<CodeBlocks_project_file>
	<FileVersion major="1" minor="6" />
	<Project>
		<Option title="HvTelnet" />
		<Option pch_mode="2" />
		<Option compiler="armelfgcc" />
		<Build>
			<Target title="Debug">
				<Option output="../../_lib/Debug/libHvTelnet" prefix_auto="1" extension_auto="1" />
				<Option working_dir="" />
				<Option object_output="../../_obj/Debug/" />
				<Option type="2" />
				<Option compiler="armelfgcc" />
			</Target>
			<Target title="Release">
				<Option output="../../_lib/Release/libHvTelnet" prefix_auto="1" extension_auto="1" />
				<Option working_dir="" />
				<Option object_output="../../_obj/Release/" />
				<Option type="2" />
				<Option compiler="armelfgcc" />
			</Target>
		</Build>
		<Compiler>
			<Add option="-DLINUX" />
			<Add option="-D_ARM_APP_" />
			<Add option="-DCHIP_6467" />
			<Add directory="../Inc" />
		</Compiler>
		<Unit filename="HVTelnet.cpp" />
		<Unit filename="Log.cpp" />
		<Unit filename="Log.h" />
		<Unit filename="TelnetSvr.cpp" />
		<Unit filename="TelnetSvr.h" />
		<Unit filename="../Inc/HVTelnet.h" />
		<Extensions>
			<code_completion />
			<debugger />
		</Extensions>
	</Project>
</CodeBlocks_project_file>
