Microsoft Visual Studio Solution File, Format Version 8.00
Project("{8BC9CEB8-8B4A-11D0-8D11-00A0C91BC942}") = "TestNewAutoLink", "TestNewAutoLink.vcproj", "{731AC85A-C8C6-4B4E-AEBB-D42E4E3381EB}"
	ProjectSection(ProjectDependencies) = postProject
	EndProjectSection
EndProject
Global
	GlobalSection(SolutionConfiguration) = preSolution
		Debug = Debug
		Release = Release
	EndGlobalSection
	GlobalSection(ProjectDependencies) = postSolution
	EndGlobalSection
	GlobalSection(ProjectConfiguration) = postSolution
		{731AC85A-C8C6-4B4E-AEBB-D42E4E3381EB}.Debug.ActiveCfg = Debug|Win32
		{731AC85A-C8C6-4B4E-AEBB-D42E4E3381EB}.Debug.Build.0 = Debug|Win32
		{731AC85A-C8C6-4B4E-AEBB-D42E4E3381EB}.Release.ActiveCfg = Release|Win32
		{731AC85A-C8C6-4B4E-AEBB-D42E4E3381EB}.Release.Build.0 = Release|Win32
	EndGlobalSection
	GlobalSection(ExtensibilityGlobals) = postSolution
	EndGlobalSection
	GlobalSection(ExtensibilityAddIns) = postSolution
	EndGlobalSection
EndGlobal
