<?xml version="1.0" encoding="UTF-8" standalone="yes" ?>
<CodeBlocks_project_file>
	<FileVersion major="1" minor="6" />
	<Project>
		<Option title="HvDevice" />
		<Option pch_mode="2" />
		<Option compiler="gcc" />
		<Build>
			<Target title="Debug">
				<Option output="HvDevice" prefix_auto="1" extension_auto="1" />
				<Option object_output="obj/Debug/" />
				<Option type="1" />
				<Option compiler="gcc" />
				<Option use_console_runner="0" />
				<Option host_application="HvDevice" />
				<Option run_host_application_in_terminal="0" />
				<Compiler>
					<Add option="-Wall" />
					<Add option="-g" />
					<Add directory="tinyXml" />
				</Compiler>
				<Linker>
					<Add option="-lpthread" />
					<Add option="-lstdc++" />
				</Linker>
			</Target>
			<Target title="Release">
				<Option output="bin/HvDevice" prefix_auto="1" extension_auto="1" />
				<Option working_dir="bin" />
				<Option object_output="obj/Release/" />
				<Option type="3" />
				<Option compiler="gcc" />
				<Option createDefFile="1" />
				<Compiler>
					<Add option="-O2" />
					<Add option="-fPIC" />
					<Add option="-shared" />
					<Add directory="tinyXml" />
				</Compiler>
				<Linker>
					<Add option="-s" />
					<Add option="-lpthread" />
					<Add option="-lstdc++" />
					<Add option="-fPIC" />
					<Add library="lib/libCxImage.a" />
					<Add library="lib/libj2k.a" />
					<Add library="lib/libjasper.a" />
					<Add library="lib/libjbig.a" />
					<Add library="lib/libjpeg.a" />
					<Add library="lib/libpng.a" />
					<Add library="lib/libtiff.a" />
					<Add library="lib/libzlib.a" />
				</Linker>
			</Target>
		</Build>
		<Compiler>
			<Add directory="tinyXml" />
			<Add directory="inc" />
			<Add directory="lib" />
		</Compiler>
		<Linker>
			<Add option="-L./lib -lCxImage" />
			<Add option="-L./lib -ljpeg" />
			<Add library="lib/libCxImage.a" />
			<Add library="lib/libjpeg.a" />
		</Linker>
		<Unit filename="HVAPI_HANDLE_CONTEXT_EX.h" />
		<Unit filename="HvAutoLink.cpp" />
		<Unit filename="HvAutoLink.h" />
		<Unit filename="HvAutoLinkDevice.h" />
		<Unit filename="HvCameraType.h" />
		<Unit filename="HvDeviceBaseType.h" />
		<Unit filename="HvDeviceCommDef.h" />
		<Unit filename="HvDeviceEx.cpp" />
		<Unit filename="HvDeviceEx.h">
			<Option target="Debug" />
		</Unit>
		<Unit filename="HvDeviceUtils.cpp">
			<Option compiler="gcc" use="0" buildCommand="g++  HvDeviceUtils.cpp -L./lib -lCxImage -lj2k -ljasper -ljbig -ljpeg -lpng -ltiff -lzlib -c    -I./inc  -I./tinyXml -o ./obj/Debug/HvDeviceUtils.o" />
		</Unit>
		<Unit filename="HvDeviceUtils.h" />
		<Unit filename="LinuxBmp.h" />
		<Unit filename="encode.c">
			<Option compilerVar="CC" />
		</Unit>
		<Unit filename="encode.h" />
		<Unit filename="inc/ximage.h" />
		<Unit filename="inifile.c">
			<Option compilerVar="CC" />
		</Unit>
		<Unit filename="inifile.h" />
		<Unit filename="swerror.h" />
		<Unit filename="tinyXml/tinystr.cpp" />
		<Unit filename="tinyXml/tinystr.h" />
		<Unit filename="tinyXml/tinyxml.cpp" />
		<Unit filename="tinyXml/tinyxml.h" />
		<Unit filename="tinyXml/tinyxmlerror.cpp" />
		<Unit filename="tinyXml/tinyxmlparser.cpp" />
		<Extensions>
			<envvars />
			<code_completion />
			<debugger />
			<lib_finder disable_auto="1" />
			<AutoVersioning>
				<Scheme minor_max="10" build_max="0" rev_max="0" rev_rand_max="10" build_times_to_increment_minor="100" />
				<Settings autoincrement="1" date_declarations="1" update_manifest="1" do_auto_increment="0" ask_to_increment="0" language="C++" svn="0" svn_directory="" header_path="version.h" />
				<Changes_Log show_changes_editor="0" app_title="released version %M.%m.%b of %p" changeslog_path="ChangesLog.txt" />
				<Code header_guard="VERSION_H" namespace="AutoVersion" prefix="" />
			</AutoVersioning>
		</Extensions>
	</Project>
</CodeBlocks_project_file>
