Microsoft Visual Studio Solution File, Format Version 8.00
Project("{8BC9CEB8-8B4A-11D0-8D11-00A0C91BC942}") = "HVEDemoEx", "HVEDemoEx.vcproj", "{E5379724-0F97-4F1C-8CC7-DBE3FC7CC015}"
	ProjectSection(ProjectDependencies) = postProject
	EndProjectSection
EndProject
Global
	GlobalSection(SolutionConfiguration) = preSolution
		Debug = Debug
		Release = Release
	EndGlobalSection
	GlobalSection(ProjectConfiguration) = postSolution
		{E5379724-0F97-4F1C-8CC7-DBE3FC7CC015}.Debug.ActiveCfg = Debug|Win32
		{E5379724-0F97-4F1C-8CC7-DBE3FC7CC015}.Debug.Build.0 = Debug|Win32
		{E5379724-0F97-4F1C-8CC7-DBE3FC7CC015}.Release.ActiveCfg = Release|Win32
		{E5379724-0F97-4F1C-8CC7-DBE3FC7CC015}.Release.Build.0 = Release|Win32
	EndGlobalSection
	GlobalSection(ExtensibilityGlobals) = postSolution
	EndGlobalSection
	GlobalSection(ExtensibilityAddIns) = postSolution
	EndGlobalSection
EndGlobal
